github.com/google/go-cmp v0.5.8 h1:e6P7q2lk1O+qJJb4BtCQXlK8vWEO8V1ZeuEdJNOqZyg=
github.com/google/go-cmp v0.5.8/go.mod h1:17dUlkBOakJ0+DkrSSNjCkIjxS6bF9zb3elmeNGIjoY=
github.com/konoui/go-qsort v0.1.0 h1:0Os/0X0Fce6B54jqN26aR+J5uOExN+0t7nb9zs6zzzE=
github.com/konoui/go-qsort v0.1.0/go.mod h1:UOsvdDPBzyQDk9Tb21hETK6KYXGYQTnoZB5qeKA1ARs=
github.com/konoui/lipo v0.10.0 h1:1P2VkBSB6I38kgmyznvAjy9gmAqybK22pJt9iyx5CgY=
github.com/konoui/lipo v0.10.0/go.mod h1:R+0EgDVrLKKS37SumAO8zhpEprjjoKEkrT3QqKQE35k=
github.com/spf13/pflag v1.0.10 h1:4EBh2KAYBwaONj6b2Ye1GiHfwjqyROoF4RwYO+vPwFk=
github.com/spf13/pflag v1.0.10/go.mod h1:McXfInJRrz4CZXVZOBLb0bTZqETkiAhM9Iw0y3An2Bg=
github.com/tailscale/hujson v0.0.0-20260718110524-10d7940d4c87 h1:kJWZO66xayJEt6jfKHjai8Dtb9iSJWOk09ecczsbeig=
github.com/tailscale/hujson v0.0.0-20260718110524-10d7940d4c87/go.mod h1:EbW0wDK/qEUYI0A5bqq0C2kF8JTQwWONmGDBbzsxxHo=
golang.org/x/mod v0.38.0 h1:MECBjubtXD7yj4HrhIUcywNaGeNVUdfVnxmPajOk4yk=
golang.org/x/mod v0.38.0/go.mod h1:V6Xz0pq8TQ3dGqVQ1FVHuelZpAL0uNhSkk9ogYP3c40=
golang.org/x/sys v0.47.0 h1:o7XGOvZQCADBQQ4Y7VNq2dRWQR7JmOUW8Kxx4ZsNgWs=
golang.org/x/sys v0.47.0/go.mod h1:4GL1E5IUh+htKOUEOaiffhrAeqysfVGipDYzABqnCmw=
golang.org/x/term v0.45.0 h1:NwWyBmoJCbfTHpxrWoZ9C6/VxOf7ic219I8xZZFdrf0=
golang.org/x/term v0.45.0/go.mod h1:9aqxs0blBcrm/n0L9QW0aRVD+ktan8ssZromtqJC43w=
